
Microsoft Visual Studio Solution File, Format Version 12.00
# Visual Studio Version 17
VisualStudioVersion = 17.3.32825.248
MinimumVisualStudioVersion = 10.0.40219.1
Project("{9A19103F-16F7-4668-BE54-9A1E7A4F7556}") = "AM.ApplicationCore", "AM.ApplicationCore\AM.ApplicationCore.csproj", "{15E6BD67-1B5D-474D-9189-BC23071A88EE}"
EndProject
Project("{9A19103F-16F7-4668-BE54-9A1E7A4F7556}") = "AM.UI.Console", "AM.UI.Console\AM.UI.Console.csproj", "{4911100D-A2AB-4EC6-BAC1-A8B290D52D7B}"
EndProject
Project("{9A19103F-16F7-4668-BE54-9A1E7A4F7556}") = "AM.Infrastructure", "AM.Infrastructure\AM.Infrastructure.csproj", "{509C96AA-546E-44EC-A2F1-EDEA45B95257}"
EndProject
Project("{FAE04EC0-301F-11D3-BF4B-00C04F79EFBC}") = "AM.UI.Web", "AM.UI.Web\AM.UI.Web.csproj", "{4BB139B3-1E13-4512-BBB7-E7FACBBF3EBD}"
EndProject
Global
	GlobalSection(SolutionConfigurationPlatforms) = preSolution
		Debug|Any CPU = Debug|Any CPU
		Release|Any CPU = Release|Any CPU
	EndGlobalSection
	GlobalSection(ProjectConfigurationPlatforms) = postSolution
		{15E6BD67-1B5D-474D-9189-BC23071A88EE}.Debug|Any CPU.ActiveCfg = Debug|Any CPU
		{15E6BD67-1B5D-474D-9189-BC23071A88EE}.Debug|Any CPU.Build.0 = Debug|Any CPU
		{15E6BD67-1B5D-474D-9189-BC23071A88EE}.Release|Any CPU.ActiveCfg = Release|Any CPU
		{15E6BD67-1B5D-474D-9189-BC23071A88EE}.Release|Any CPU.Build.0 = Release|Any CPU
		{4911100D-A2AB-4EC6-BAC1-A8B290D52D7B}.Debug|Any CPU.ActiveCfg = Debug|Any CPU
		{4911100D-A2AB-4EC6-BAC1-A8B290D52D7B}.Debug|Any CPU.Build.0 = Debug|Any CPU
		{4911100D-A2AB-4EC6-BAC1-A8B290D52D7B}.Release|Any CPU.ActiveCfg = Release|Any CPU
		{4911100D-A2AB-4EC6-BAC1-A8B290D52D7B}.Release|Any CPU.Build.0 = Release|Any CPU
		{509C96AA-546E-44EC-A2F1-EDEA45B95257}.Debug|Any CPU.ActiveCfg = Debug|Any CPU
		{509C96AA-546E-44EC-A2F1-EDEA45B95257}.Debug|Any CPU.Build.0 = Debug|Any CPU
		{509C96AA-546E-44EC-A2F1-EDEA45B95257}.Release|Any CPU.ActiveCfg = Release|Any CPU
		{509C96AA-546E-44EC-A2F1-EDEA45B95257}.Release|Any CPU.Build.0 = Release|Any CPU
		{4BB139B3-1E13-4512-BBB7-E7FACBBF3EBD}.Debug|Any CPU.ActiveCfg = Debug|Any CPU
		{4BB139B3-1E13-4512-BBB7-E7FACBBF3EBD}.Debug|Any CPU.Build.0 = Debug|Any CPU
		{4BB139B3-1E13-4512-BBB7-E7FACBBF3EBD}.Release|Any CPU.ActiveCfg = Release|Any CPU
		{4BB139B3-1E13-4512-BBB7-E7FACBBF3EBD}.Release|Any CPU.Build.0 = Release|Any CPU
	EndGlobalSection
	GlobalSection(SolutionProperties) = preSolution
		HideSolutionNode = FALSE
	EndGlobalSection
	GlobalSection(ExtensibilityGlobals) = postSolution
		SolutionGuid = {1E68DB35-22EF-48DF-A062-253DFD63FF44}
	EndGlobalSection
EndGlobal
